
Microsoft Visual Studio Solution File, Format Version 12.00
# Visual Studio Version 16
VisualStudioVersion = 16.0.31019.35
MinimumVisualStudioVersion = 10.0.40219.1
Project("{FAE04EC0-301F-11D3-BF4B-00C04F79EFBC}") = "SimpleCrawlerSurface", "SimpleCrawlerSurface\SimpleCrawlerSurface.csproj", "{601CF350-FDA0-458A-B91D-94FAA525976F}"
EndProject
Global
	GlobalSection(SolutionConfigurationPlatforms) = preSolution
		Debug|Any CPU = Debug|Any CPU
		Release|Any CPU = Release|Any CPU
	EndGlobalSection
	GlobalSection(ProjectConfigurationPlatforms) = postSolution
		{601CF350-FDA0-458A-B91D-94FAA525976F}.Debug|Any CPU.ActiveCfg = Debug|Any CPU
		{601CF350-FDA0-458A-B91D-94FAA525976F}.Debug|Any CPU.Build.0 = Debug|Any CPU
		{601CF350-FDA0-458A-B91D-94FAA525976F}.Release|Any CPU.ActiveCfg = Release|Any CPU
		{601CF350-FDA0-458A-B91D-94FAA525976F}.Release|Any CPU.Build.0 = Release|Any CPU
	EndGlobalSection
	GlobalSection(SolutionProperties) = preSolution
		HideSolutionNode = FALSE
	EndGlobalSection
	GlobalSection(ExtensibilityGlobals) = postSolution
		SolutionGuid = {8F724BA4-9A3C-4A05-82A9-B224FE7D1801}
	EndGlobalSection
EndGlobal
