
Microsoft Visual Studio Solution File, Format Version 12.00
# Visual Studio Version 16
VisualStudioVersion = 16.0.31019.35
MinimumVisualStudioVersion = 10.0.40219.1
Project("{FAE04EC0-301F-11D3-BF4B-00C04F79EFBC}") = "Homework7", "Homework7\Homework7.csproj", "{F46D7A31-C366-4C70-BD39-DC9FC7C09546}"
EndProject
Global
	GlobalSection(SolutionConfigurationPlatforms) = preSolution
		Debug|Any CPU = Debug|Any CPU
		Release|Any CPU = Release|Any CPU
	EndGlobalSection
	GlobalSection(ProjectConfigurationPlatforms) = postSolution
		{F46D7A31-C366-4C70-BD39-DC9FC7C09546}.Debug|Any CPU.ActiveCfg = Debug|Any CPU
		{F46D7A31-C366-4C70-BD39-DC9FC7C09546}.Debug|Any CPU.Build.0 = Debug|Any CPU
		{F46D7A31-C366-4C70-BD39-DC9FC7C09546}.Release|Any CPU.ActiveCfg = Release|Any CPU
		{F46D7A31-C366-4C70-BD39-DC9FC7C09546}.Release|Any CPU.Build.0 = Release|Any CPU
	EndGlobalSection
	GlobalSection(SolutionProperties) = preSolution
		HideSolutionNode = FALSE
	EndGlobalSection
	GlobalSection(ExtensibilityGlobals) = postSolution
		SolutionGuid = {DE3DC48F-8549-40CD-9C54-79FDEB772C0F}
	EndGlobalSection
EndGlobal
