
Microsoft Visual Studio Solution File, Format Version 12.00
# Visual Studio Version 16
VisualStudioVersion = 16.0.31019.35
MinimumVisualStudioVersion = 10.0.40219.1
Project("{9A19103F-16F7-4668-BE54-9A1E7A4F7556}") = "2-2", "Homework2-2\2-2.csproj", "{227883EF-367F-460C-8790-4B8E628D200D}"
EndProject
Project("{9A19103F-16F7-4668-BE54-9A1E7A4F7556}") = "2-1", "Homework2-1\2-1.csproj", "{C411CD78-5E50-4E23-86DF-5D89EEA72DA0}"
EndProject
Project("{9A19103F-16F7-4668-BE54-9A1E7A4F7556}") = "2-3", "Homework2-3\2-3.csproj", "{AB902C04-2E75-459D-AAE6-6F739D8D5096}"
EndProject
Project("{9A19103F-16F7-4668-BE54-9A1E7A4F7556}") = "2-4", "Homework2-4\2-4.csproj", "{2C03CB5C-18BF-4F49-B203-5E4C94531A6E}"
EndProject
Global
	GlobalSection(SolutionConfigurationPlatforms) = preSolution
		Debug|Any CPU = Debug|Any CPU
		Release|Any CPU = Release|Any CPU
	EndGlobalSection
	GlobalSection(ProjectConfigurationPlatforms) = postSolution
		{227883EF-367F-460C-8790-4B8E628D200D}.Debug|Any CPU.ActiveCfg = Debug|Any CPU
		{227883EF-367F-460C-8790-4B8E628D200D}.Debug|Any CPU.Build.0 = Debug|Any CPU
		{227883EF-367F-460C-8790-4B8E628D200D}.Release|Any CPU.ActiveCfg = Release|Any CPU
		{227883EF-367F-460C-8790-4B8E628D200D}.Release|Any CPU.Build.0 = Release|Any CPU
		{C411CD78-5E50-4E23-86DF-5D89EEA72DA0}.Debug|Any CPU.ActiveCfg = Debug|Any CPU
		{C411CD78-5E50-4E23-86DF-5D89EEA72DA0}.Debug|Any CPU.Build.0 = Debug|Any CPU
		{C411CD78-5E50-4E23-86DF-5D89EEA72DA0}.Release|Any CPU.ActiveCfg = Release|Any CPU
		{C411CD78-5E50-4E23-86DF-5D89EEA72DA0}.Release|Any CPU.Build.0 = Release|Any CPU
		{AB902C04-2E75-459D-AAE6-6F739D8D5096}.Debug|Any CPU.ActiveCfg = Debug|Any CPU
		{AB902C04-2E75-459D-AAE6-6F739D8D5096}.Debug|Any CPU.Build.0 = Debug|Any CPU
		{AB902C04-2E75-459D-AAE6-6F739D8D5096}.Release|Any CPU.ActiveCfg = Release|Any CPU
		{AB902C04-2E75-459D-AAE6-6F739D8D5096}.Release|Any CPU.Build.0 = Release|Any CPU
		{2C03CB5C-18BF-4F49-B203-5E4C94531A6E}.Debug|Any CPU.ActiveCfg = Debug|Any CPU
		{2C03CB5C-18BF-4F49-B203-5E4C94531A6E}.Debug|Any CPU.Build.0 = Debug|Any CPU
		{2C03CB5C-18BF-4F49-B203-5E4C94531A6E}.Release|Any CPU.ActiveCfg = Release|Any CPU
		{2C03CB5C-18BF-4F49-B203-5E4C94531A6E}.Release|Any CPU.Build.0 = Release|Any CPU
	EndGlobalSection
	GlobalSection(SolutionProperties) = preSolution
		HideSolutionNode = FALSE
	EndGlobalSection
	GlobalSection(ExtensibilityGlobals) = postSolution
		SolutionGuid = {73191D4D-5EB0-4249-9058-89DCD546577B}
	EndGlobalSection
EndGlobal
